
Microsoft Visual Studio Solution File, Format Version 12.00
# Visual Studio 2012
VisualStudioVersion = 14.0.25123.0
MinimumVisualStudioVersion = 10.0.40219.1
Project("{FAE04EC0-301F-11D3-BF4B-00C04F79EFBC}") = "BrewersLittleHelper.Droid", "BrewersLittleHelper\BrewersLittleHelper.Droid\BrewersLittleHelper.Droid.csproj", "{C70E1FBD-6D46-492F-8141-463EADD77950}"
EndProject
Project("{FAE04EC0-301F-11D3-BF4B-00C04F79EFBC}") = "BrewersLittleHelper.iOS", "BrewersLittleHelper\BrewersLittleHelper.iOS\BrewersLittleHelper.iOS.csproj", "{A089091C-9E3B-48E0-AB46-8E011713834D}"
EndProject
Project("{FAE04EC0-301F-11D3-BF4B-00C04F79EFBC}") = "BrewersLittleHelper.WinPhone", "BrewersLittleHelper\BrewersLittleHelper.WinPhone\BrewersLittleHelper.WinPhone.csproj", "{646BF273-3C92-4C51-B51C-99AABC080B4C}"
EndProject
Project("{FAE04EC0-301F-11D3-BF4B-00C04F79EFBC}") = "BrewersLittleHelper", "BrewersLittleHelper\BrewersLittleHelper\BrewersLittleHelper.csproj", "{8ADEE9AA-F094-45E9-A624-3C46E15A704E}"
EndProject
Global
	GlobalSection(SolutionConfigurationPlatforms) = preSolution
		Ad-Hoc|Any CPU = Ad-Hoc|Any CPU
		Ad-Hoc|ARM = Ad-Hoc|ARM
		Ad-Hoc|iPhone = Ad-Hoc|iPhone
		Ad-Hoc|iPhoneSimulator = Ad-Hoc|iPhoneSimulator
		Ad-Hoc|x64 = Ad-Hoc|x64
		Ad-Hoc|x86 = Ad-Hoc|x86
		AppStore|Any CPU = AppStore|Any CPU
		AppStore|ARM = AppStore|ARM
		AppStore|iPhone = AppStore|iPhone
		AppStore|iPhoneSimulator = AppStore|iPhoneSimulator
		AppStore|x64 = AppStore|x64
		AppStore|x86 = AppStore|x86
		Debug|Any CPU = Debug|Any CPU
		Debug|ARM = Debug|ARM
		Debug|iPhone = Debug|iPhone
		Debug|iPhoneSimulator = Debug|iPhoneSimulator
		Debug|x64 = Debug|x64
		Debug|x86 = Debug|x86
		Release|Any CPU = Release|Any CPU
		Release|ARM = Release|ARM
		Release|iPhone = Release|iPhone
		Release|iPhoneSimulator = Release|iPhoneSimulator
		Release|x64 = Release|x64
		Release|x86 = Release|x86
	EndGlobalSection
	GlobalSection(ProjectConfigurationPlatforms) = postSolution
		{646BF273-3C92-4C51-B51C-99AABC080B4C}.Ad-Hoc|Any CPU.ActiveCfg = Release|Any CPU
		{646BF273-3C92-4C51-B51C-99AABC080B4C}.Ad-Hoc|Any CPU.Build.0 = Release|Any CPU
		{646BF273-3C92-4C51-B51C-99AABC080B4C}.Ad-Hoc|Any CPU.Deploy.0 = Release|Any CPU
		{646BF273-3C92-4C51-B51C-99AABC080B4C}.Ad-Hoc|ARM.ActiveCfg = Release|ARM
		{646BF273-3C92-4C51-B51C-99AABC080B4C}.Ad-Hoc|ARM.Build.0 = Release|ARM
		{646BF273-3C92-4C51-B51C-99AABC080B4C}.Ad-Hoc|ARM.Deploy.0 = Release|ARM
		{646BF273-3C92-4C51-B51C-99AABC080B4C}.Ad-Hoc|iPhone.ActiveCfg = Release|Any CPU
		{646BF273-3C92-4C51-B51C-99AABC080B4C}.Ad-Hoc|iPhone.Build.0 = Release|Any CPU
		{646BF273-3C92-4C51-B51C-99AABC080B4C}.Ad-Hoc|iPhone.Deploy.0 = Release|Any CPU
		{646BF273-3C92-4C51-B51C-99AABC080B4C}.Ad-Hoc|iPhoneSimulator.ActiveCfg = Release|Any CPU
		{646BF273-3C92-4C51-B51C-99AABC080B4C}.Ad-Hoc|iPhoneSimulator.Build.0 = Release|Any CPU
		{646BF273-3C92-4C51-B51C-99AABC080B4C}.Ad-Hoc|iPhoneSimulator.Deploy.0 = Release|Any CPU
		{646BF273-3C92-4C51-B51C-99AABC080B4C}.Ad-Hoc|x64.ActiveCfg = Release|Any CPU
		{646BF273-3C92-4C51-B51C-99AABC080B4C}.Ad-Hoc|x64.Build.0 = Release|Any CPU
		{646BF273-3C92-4C51-B51C-99AABC080B4C}.Ad-Hoc|x64.Deploy.0 = Release|Any CPU
		{646BF273-3C92-4C51-B51C-99AABC080B4C}.Ad-Hoc|x86.ActiveCfg = Release|x86
		{646BF273-3C92-4C51-B51C-99AABC080B4C}.Ad-Hoc|x86.Build.0 = Release|x86
		{646BF273-3C92-4C51-B51C-99AABC080B4C}.Ad-Hoc|x86.Deploy.0 = Release|x86
		{646BF273-3C92-4C51-B51C-99AABC080B4C}.AppStore|Any CPU.ActiveCfg = Release|Any CPU
		{646BF273-3C92-4C51-B51C-99AABC080B4C}.AppStore|Any CPU.Build.0 = Release|Any CPU
		{646BF273-3C92-4C51-B51C-99AABC080B4C}.AppStore|Any CPU.Deploy.0 = Release|Any CPU
		{646BF273-3C92-4C51-B51C-99AABC080B4C}.AppStore|ARM.ActiveCfg = Release|ARM
		{646BF273-3C92-4C51-B51C-99AABC080B4C}.AppStore|ARM.Build.0 = Release|ARM
		{646BF273-3C92-4C51-B51C-99AABC080B4C}.AppStore|ARM.Deploy.0 = Release|ARM
		{646BF273-3C92-4C51-B51C-99AABC080B4C}.AppStore|iPhone.ActiveCfg = Release|Any CPU
		{646BF273-3C92-4C51-B51C-99AABC080B4C}.AppStore|iPhone.Build.0 = Release|Any CPU
		{646BF273-3C92-4C51-B51C-99AABC080B4C}.AppStore|iPhone.Deploy.0 = Release|Any CPU
		{646BF273-3C92-4C51-B51C-99AABC080B4C}.AppStore|iPhoneSimulator.ActiveCfg = Release|Any CPU
		{646BF273-3C92-4C51-B51C-99AABC080B4C}.AppStore|iPhoneSimulator.Build.0 = Release|Any CPU
		{646BF273-3C92-4C51-B51C-99AABC080B4C}.AppStore|iPhoneSimulator.Deploy.0 = Release|Any CPU
		{646BF273-3C92-4C51-B51C-99AABC080B4C}.AppStore|x64.ActiveCfg = Release|Any CPU
		{646BF273-3C92-4C51-B51C-99AABC080B4C}.AppStore|x64.Build.0 = Release|Any CPU
		{646BF273-3C92-4C51-B51C-99AABC080B4C}.AppStore|x64.Deploy.0 = Release|Any CPU
		{646BF273-3C92-4C51-B51C-99AABC080B4C}.AppStore|x86.ActiveCfg = Release|x86
		{646BF273-3C92-4C51-B51C-99AABC080B4C}.AppStore|x86.Build.0 = Release|x86
		{646BF273-3C92-4C51-B51C-99AABC080B4C}.AppStore|x86.Deploy.0 = Release|x86
		{646BF273-3C92-4C51-B51C-99AABC080B4C}.Debug|Any CPU.ActiveCfg = Debug|Any CPU
		{646BF273-3C92-4C51-B51C-99AABC080B4C}.Debug|Any CPU.Build.0 = Debug|Any CPU
		{646BF273-3C92-4C51-B51C-99AABC080B4C}.Debug|Any CPU.Deploy.0 = Debug|Any CPU
		{646BF273-3C92-4C51-B51C-99AABC080B4C}.Debug|ARM.ActiveCfg = Debug|ARM
		{646BF273-3C92-4C51-B51C-99AABC080B4C}.Debug|ARM.Build.0 = Debug|ARM
		{646BF273-3C92-4C51-B51C-99AABC080B4C}.Debug|ARM.Deploy.0 = Debug|ARM
		{646BF273-3C92-4C51-B51C-99AABC080B4C}.Debug|iPhone.ActiveCfg = Debug|Any CPU
		{646BF273-3C92-4C51-B51C-99AABC080B4C}.Debug|iPhone.Build.0 = Debug|Any CPU
		{646BF273-3C92-4C51-B51C-99AABC080B4C}.Debug|iPhone.Deploy.0 = Debug|Any CPU
		{646BF273-3C92-4C51-B51C-99AABC080B4C}.Debug|iPhoneSimulator.ActiveCfg = Debug|Any CPU
		{646BF273-3C92-4C51-B51C-99AABC080B4C}.Debug|iPhoneSimulator.Build.0 = Debug|Any CPU
		{646BF273-3C92-4C51-B51C-99AABC080B4C}.Debug|iPhoneSimulator.Deploy.0 = Debug|Any CPU
		{646BF273-3C92-4C51-B51C-99AABC080B4C}.Debug|x64.ActiveCfg = Debug|Any CPU
		{646BF273-3C92-4C51-B51C-99AABC080B4C}.Debug|x64.Build.0 = Debug|Any CPU
		{646BF273-3C92-4C51-B51C-99AABC080B4C}.Debug|x64.Deploy.0 = Debug|Any CPU
		{646BF273-3C92-4C51-B51C-99AABC080B4C}.Debug|x86.ActiveCfg = Debug|x86
		{646BF273-3C92-4C51-B51C-99AABC080B4C}.Debug|x86.Build.0 = Debug|x86
		{646BF273-3C92-4C51-B51C-99AABC080B4C}.Debug|x86.Deploy.0 = Debug|x86
		{646BF273-3C92-4C51-B51C-99AABC080B4C}.Release|Any CPU.ActiveCfg = Release|Any CPU
		{646BF273-3C92-4C51-B51C-99AABC080B4C}.Release|Any CPU.Build.0 = Release|Any CPU
		{646BF273-3C92-4C51-B51C-99AABC080B4C}.Release|Any CPU.Deploy.0 = Release|Any CPU
		{646BF273-3C92-4C51-B51C-99AABC080B4C}.Release|ARM.ActiveCfg = Release|ARM
		{646BF273-3C92-4C51-B51C-99AABC080B4C}.Release|ARM.Build.0 = Release|ARM
		{646BF273-3C92-4C51-B51C-99AABC080B4C}.Release|ARM.Deploy.0 = Release|ARM
		{646BF273-3C92-4C51-B51C-99AABC080B4C}.Release|iPhone.ActiveCfg = Release|Any CPU
		{646BF273-3C92-4C51-B51C-99AABC080B4C}.Release|iPhone.Build.0 = Release|Any CPU
		{646BF273-3C92-4C51-B51C-99AABC080B4C}.Release|iPhone.Deploy.0 = Release|Any CPU
		{646BF273-3C92-4C51-B51C-99AABC080B4C}.Release|iPhoneSimulator.ActiveCfg = Release|Any CPU
		{646BF273-3C92-4C51-B51C-99AABC080B4C}.Release|iPhoneSimulator.Build.0 = Release|Any CPU
		{646BF273-3C92-4C51-B51C-99AABC080B4C}.Release|iPhoneSimulator.Deploy.0 = Release|Any CPU
		{646BF273-3C92-4C51-B51C-99AABC080B4C}.Release|x64.ActiveCfg = Release|Any CPU
		{646BF273-3C92-4C51-B51C-99AABC080B4C}.Release|x64.Build.0 = Release|Any CPU
		{646BF273-3C92-4C51-B51C-99AABC080B4C}.Release|x64.Deploy.0 = Release|Any CPU
		{646BF273-3C92-4C51-B51C-99AABC080B4C}.Release|x86.ActiveCfg = Release|x86
		{646BF273-3C92-4C51-B51C-99AABC080B4C}.Release|x86.Build.0 = Release|x86
		{646BF273-3C92-4C51-B51C-99AABC080B4C}.Release|x86.Deploy.0 = Release|x86
		{8ADEE9AA-F094-45E9-A624-3C46E15A704E}.Ad-Hoc|Any CPU.ActiveCfg = Release|Any CPU
		{8ADEE9AA-F094-45E9-A624-3C46E15A704E}.Ad-Hoc|Any CPU.Build.0 = Release|Any CPU
		{8ADEE9AA-F094-45E9-A624-3C46E15A704E}.Ad-Hoc|ARM.ActiveCfg = Release|Any CPU
		{8ADEE9AA-F094-45E9-A624-3C46E15A704E}.Ad-Hoc|ARM.Build.0 = Release|Any CPU
		{8ADEE9AA-F094-45E9-A624-3C46E15A704E}.Ad-Hoc|iPhone.ActiveCfg = Release|Any CPU
		{8ADEE9AA-F094-45E9-A624-3C46E15A704E}.Ad-Hoc|iPhone.Build.0 = Release|Any CPU
		{8ADEE9AA-F094-45E9-A624-3C46E15A704E}.Ad-Hoc|iPhoneSimulator.ActiveCfg = Release|Any CPU
		{8ADEE9AA-F094-45E9-A624-3C46E15A704E}.Ad-Hoc|iPhoneSimulator.Build.0 = Release|Any CPU
		{8ADEE9AA-F094-45E9-A624-3C46E15A704E}.Ad-Hoc|x64.ActiveCfg = Release|Any CPU
		{8ADEE9AA-F094-45E9-A624-3C46E15A704E}.Ad-Hoc|x64.Build.0 = Release|Any CPU
		{8ADEE9AA-F094-45E9-A624-3C46E15A704E}.Ad-Hoc|x86.ActiveCfg = Release|Any CPU
		{8ADEE9AA-F094-45E9-A624-3C46E15A704E}.Ad-Hoc|x86.Build.0 = Release|Any CPU
		{8ADEE9AA-F094-45E9-A624-3C46E15A704E}.AppStore|Any CPU.ActiveCfg = Release|Any CPU
		{8ADEE9AA-F094-45E9-A624-3C46E15A704E}.AppStore|Any CPU.Build.0 = Release|Any CPU
		{8ADEE9AA-F094-45E9-A624-3C46E15A704E}.AppStore|ARM.ActiveCfg = Release|Any CPU
		{8ADEE9AA-F094-45E9-A624-3C46E15A704E}.AppStore|ARM.Build.0 = Release|Any CPU
		{8ADEE9AA-F094-45E9-A624-3C46E15A704E}.AppStore|iPhone.ActiveCfg = Release|Any CPU
		{8ADEE9AA-F094-45E9-A624-3C46E15A704E}.AppStore|iPhone.Build.0 = Release|Any CPU
		{8ADEE9AA-F094-45E9-A624-3C46E15A704E}.AppStore|iPhoneSimulator.ActiveCfg = Release|Any CPU
		{8ADEE9AA-F094-45E9-A624-3C46E15A704E}.AppStore|iPhoneSimulator.Build.0 = Release|Any CPU
		{8ADEE9AA-F094-45E9-A624-3C46E15A704E}.AppStore|x64.ActiveCfg = Release|Any CPU
		{8ADEE9AA-F094-45E9-A624-3C46E15A704E}.AppStore|x64.Build.0 = Release|Any CPU
		{8ADEE9AA-F094-45E9-A624-3C46E15A704E}.AppStore|x86.ActiveCfg = Release|Any CPU
		{8ADEE9AA-F094-45E9-A624-3C46E15A704E}.AppStore|x86.Build.0 = Release|Any CPU
		{8ADEE9AA-F094-45E9-A624-3C46E15A704E}.Debug|Any CPU.ActiveCfg = Debug|Any CPU
		{8ADEE9AA-F094-45E9-A624-3C46E15A704E}.Debug|Any CPU.Build.0 = Debug|Any CPU
		{8ADEE9AA-F094-45E9-A624-3C46E15A704E}.Debug|ARM.ActiveCfg = Debug|Any CPU
		{8ADEE9AA-F094-45E9-A624-3C46E15A704E}.Debug|ARM.Build.0 = Debug|Any CPU
		{8ADEE9AA-F094-45E9-A624-3C46E15A704E}.Debug|iPhone.ActiveCfg = Debug|Any CPU
		{8ADEE9AA-F094-45E9-A624-3C46E15A704E}.Debug|iPhone.Build.0 = Debug|Any CPU
		{8ADEE9AA-F094-45E9-A624-3C46E15A704E}.Debug|iPhoneSimulator.ActiveCfg = Debug|Any CPU
		{8ADEE9AA-F094-45E9-A624-3C46E15A704E}.Debug|iPhoneSimulator.Build.0 = Debug|Any CPU
		{8ADEE9AA-F094-45E9-A624-3C46E15A704E}.Debug|x64.ActiveCfg = Debug|Any CPU
		{8ADEE9AA-F094-45E9-A624-3C46E15A704E}.Debug|x64.Build.0 = Debug|Any CPU
		{8ADEE9AA-F094-45E9-A624-3C46E15A704E}.Debug|x86.ActiveCfg = Debug|Any CPU
		{8ADEE9AA-F094-45E9-A624-3C46E15A704E}.Debug|x86.Build.0 = Debug|Any CPU
		{8ADEE9AA-F094-45E9-A624-3C46E15A704E}.Release|Any CPU.ActiveCfg = Release|Any CPU
		{8ADEE9AA-F094-45E9-A624-3C46E15A704E}.Release|Any CPU.Build.0 = Release|Any CPU
		{8ADEE9AA-F094-45E9-A624-3C46E15A704E}.Release|ARM.ActiveCfg = Release|Any CPU
		{8ADEE9AA-F094-45E9-A624-3C46E15A704E}.Release|ARM.Build.0 = Release|Any CPU
		{8ADEE9AA-F094-45E9-A624-3C46E15A704E}.Release|iPhone.ActiveCfg = Release|Any CPU
		{8ADEE9AA-F094-45E9-A624-3C46E15A704E}.Release|iPhone.Build.0 = Release|Any CPU
		{8ADEE9AA-F094-45E9-A624-3C46E15A704E}.Release|iPhoneSimulator.ActiveCfg = Release|Any CPU
		{8ADEE9AA-F094-45E9-A624-3C46E15A704E}.Release|iPhoneSimulator.Build.0 = Release|Any CPU
		{8ADEE9AA-F094-45E9-A624-3C46E15A704E}.Release|x64.ActiveCfg = Release|Any CPU
		{8ADEE9AA-F094-45E9-A624-3C46E15A704E}.Release|x64.Build.0 = Release|Any CPU
		{8ADEE9AA-F094-45E9-A624-3C46E15A704E}.Release|x86.ActiveCfg = Release|Any CPU
		{8ADEE9AA-F094-45E9-A624-3C46E15A704E}.Release|x86.Build.0 = Release|Any CPU
		{A089091C-9E3B-48E0-AB46-8E011713834D}.Ad-Hoc|Any CPU.ActiveCfg = Ad-Hoc|iPhone
		{A089091C-9E3B-48E0-AB46-8E011713834D}.Ad-Hoc|ARM.ActiveCfg = Ad-Hoc|iPhone
		{A089091C-9E3B-48E0-AB46-8E011713834D}.Ad-Hoc|iPhone.ActiveCfg = Ad-Hoc|iPhone
		{A089091C-9E3B-48E0-AB46-8E011713834D}.Ad-Hoc|iPhone.Build.0 = Ad-Hoc|iPhone
		{A089091C-9E3B-48E0-AB46-8E011713834D}.Ad-Hoc|iPhoneSimulator.ActiveCfg = Ad-Hoc|iPhoneSimulator
		{A089091C-9E3B-48E0-AB46-8E011713834D}.Ad-Hoc|iPhoneSimulator.Build.0 = Ad-Hoc|iPhoneSimulator
		{A089091C-9E3B-48E0-AB46-8E011713834D}.Ad-Hoc|x64.ActiveCfg = Ad-Hoc|iPhone
		{A089091C-9E3B-48E0-AB46-8E011713834D}.Ad-Hoc|x86.ActiveCfg = Ad-Hoc|iPhone
		{A089091C-9E3B-48E0-AB46-8E011713834D}.AppStore|Any CPU.ActiveCfg = AppStore|iPhone
		{A089091C-9E3B-48E0-AB46-8E011713834D}.AppStore|ARM.ActiveCfg = AppStore|iPhone
		{A089091C-9E3B-48E0-AB46-8E011713834D}.AppStore|iPhone.ActiveCfg = AppStore|iPhone
		{A089091C-9E3B-48E0-AB46-8E011713834D}.AppStore|iPhone.Build.0 = AppStore|iPhone
		{A089091C-9E3B-48E0-AB46-8E011713834D}.AppStore|iPhoneSimulator.ActiveCfg = AppStore|iPhoneSimulator
		{A089091C-9E3B-48E0-AB46-8E011713834D}.AppStore|iPhoneSimulator.Build.0 = AppStore|iPhoneSimulator
		{A089091C-9E3B-48E0-AB46-8E011713834D}.AppStore|x64.ActiveCfg = AppStore|iPhone
		{A089091C-9E3B-48E0-AB46-8E011713834D}.AppStore|x86.ActiveCfg = AppStore|iPhone
		{A089091C-9E3B-48E0-AB46-8E011713834D}.Debug|Any CPU.ActiveCfg = Debug|iPhone
		{A089091C-9E3B-48E0-AB46-8E011713834D}.Debug|Any CPU.Build.0 = Debug|iPhone
		{A089091C-9E3B-48E0-AB46-8E011713834D}.Debug|ARM.ActiveCfg = Debug|iPhone
		{A089091C-9E3B-48E0-AB46-8E011713834D}.Debug|iPhone.ActiveCfg = Debug|iPhone
		{A089091C-9E3B-48E0-AB46-8E011713834D}.Debug|iPhone.Build.0 = Debug|iPhone
		{A089091C-9E3B-48E0-AB46-8E011713834D}.Debug|iPhoneSimulator.ActiveCfg = Debug|iPhoneSimulator
		{A089091C-9E3B-48E0-AB46-8E011713834D}.Debug|iPhoneSimulator.Build.0 = Debug|iPhoneSimulator
		{A089091C-9E3B-48E0-AB46-8E011713834D}.Debug|x64.ActiveCfg = Debug|iPhone
		{A089091C-9E3B-48E0-AB46-8E011713834D}.Debug|x86.ActiveCfg = Debug|iPhone
		{A089091C-9E3B-48E0-AB46-8E011713834D}.Release|Any CPU.ActiveCfg = Release|iPhone
		{A089091C-9E3B-48E0-AB46-8E011713834D}.Release|ARM.ActiveCfg = Release|iPhone
		{A089091C-9E3B-48E0-AB46-8E011713834D}.Release|iPhone.ActiveCfg = Release|iPhone
		{A089091C-9E3B-48E0-AB46-8E011713834D}.Release|iPhone.Build.0 = Release|iPhone
		{A089091C-9E3B-48E0-AB46-8E011713834D}.Release|iPhoneSimulator.ActiveCfg = Release|iPhoneSimulator
		{A089091C-9E3B-48E0-AB46-8E011713834D}.Release|iPhoneSimulator.Build.0 = Release|iPhoneSimulator
		{A089091C-9E3B-48E0-AB46-8E011713834D}.Release|x64.ActiveCfg = Release|iPhone
		{A089091C-9E3B-48E0-AB46-8E011713834D}.Release|x86.ActiveCfg = Release|iPhone
		{C70E1FBD-6D46-492F-8141-463EADD77950}.Ad-Hoc|Any CPU.ActiveCfg = Release|Any CPU
		{C70E1FBD-6D46-492F-8141-463EADD77950}.Ad-Hoc|Any CPU.Build.0 = Release|Any CPU
		{C70E1FBD-6D46-492F-8141-463EADD77950}.Ad-Hoc|Any CPU.Deploy.0 = Release|Any CPU
		{C70E1FBD-6D46-492F-8141-463EADD77950}.Ad-Hoc|ARM.ActiveCfg = Release|Any CPU
		{C70E1FBD-6D46-492F-8141-463EADD77950}.Ad-Hoc|ARM.Build.0 = Release|Any CPU
		{C70E1FBD-6D46-492F-8141-463EADD77950}.Ad-Hoc|ARM.Deploy.0 = Release|Any CPU
		{C70E1FBD-6D46-492F-8141-463EADD77950}.Ad-Hoc|iPhone.ActiveCfg = Release|Any CPU
		{C70E1FBD-6D46-492F-8141-463EADD77950}.Ad-Hoc|iPhone.Build.0 = Release|Any CPU
		{C70E1FBD-6D46-492F-8141-463EADD77950}.Ad-Hoc|iPhone.Deploy.0 = Release|Any CPU
		{C70E1FBD-6D46-492F-8141-463EADD77950}.Ad-Hoc|iPhoneSimulator.ActiveCfg = Release|Any CPU
		{C70E1FBD-6D46-492F-8141-463EADD77950}.Ad-Hoc|iPhoneSimulator.Build.0 = Release|Any CPU
		{C70E1FBD-6D46-492F-8141-463EADD77950}.Ad-Hoc|iPhoneSimulator.Deploy.0 = Release|Any CPU
		{C70E1FBD-6D46-492F-8141-463EADD77950}.Ad-Hoc|x64.ActiveCfg = Release|Any CPU
		{C70E1FBD-6D46-492F-8141-463EADD77950}.Ad-Hoc|x64.Build.0 = Release|Any CPU
		{C70E1FBD-6D46-492F-8141-463EADD77950}.Ad-Hoc|x64.Deploy.0 = Release|Any CPU
		{C70E1FBD-6D46-492F-8141-463EADD77950}.Ad-Hoc|x86.ActiveCfg = Release|Any CPU
		{C70E1FBD-6D46-492F-8141-463EADD77950}.Ad-Hoc|x86.Build.0 = Release|Any CPU
		{C70E1FBD-6D46-492F-8141-463EADD77950}.Ad-Hoc|x86.Deploy.0 = Release|Any CPU
		{C70E1FBD-6D46-492F-8141-463EADD77950}.AppStore|Any CPU.ActiveCfg = Release|Any CPU
		{C70E1FBD-6D46-492F-8141-463EADD77950}.AppStore|Any CPU.Build.0 = Release|Any CPU
		{C70E1FBD-6D46-492F-8141-463EADD77950}.AppStore|Any CPU.Deploy.0 = Release|Any CPU
		{C70E1FBD-6D46-492F-8141-463EADD77950}.AppStore|ARM.ActiveCfg = Release|Any CPU
		{C70E1FBD-6D46-492F-8141-463EADD77950}.AppStore|ARM.Build.0 = Release|Any CPU
		{C70E1FBD-6D46-492F-8141-463EADD77950}.AppStore|ARM.Deploy.0 = Release|Any CPU
		{C70E1FBD-6D46-492F-8141-463EADD77950}.AppStore|iPhone.ActiveCfg = Release|Any CPU
		{C70E1FBD-6D46-492F-8141-463EADD77950}.AppStore|iPhone.Build.0 = Release|Any CPU
		{C70E1FBD-6D46-492F-8141-463EADD77950}.AppStore|iPhone.Deploy.0 = Release|Any CPU
		{C70E1FBD-6D46-492F-8141-463EADD77950}.AppStore|iPhoneSimulator.ActiveCfg = Release|Any CPU
		{C70E1FBD-6D46-492F-8141-463EADD77950}.AppStore|iPhoneSimulator.Build.0 = Release|Any CPU
		{C70E1FBD-6D46-492F-8141-463EADD77950}.AppStore|iPhoneSimulator.Deploy.0 = Release|Any CPU
		{C70E1FBD-6D46-492F-8141-463EADD77950}.AppStore|x64.ActiveCfg = Release|Any CPU
		{C70E1FBD-6D46-492F-8141-463EADD77950}.AppStore|x64.Build.0 = Release|Any CPU
		{C70E1FBD-6D46-492F-8141-463EADD77950}.AppStore|x64.Deploy.0 = Release|Any CPU
		{C70E1FBD-6D46-492F-8141-463EADD77950}.AppStore|x86.ActiveCfg = Release|Any CPU
		{C70E1FBD-6D46-492F-8141-463EADD77950}.AppStore|x86.Build.0 = Release|Any CPU
		{C70E1FBD-6D46-492F-8141-463EADD77950}.AppStore|x86.Deploy.0 = Release|Any CPU
		{C70E1FBD-6D46-492F-8141-463EADD77950}.Debug|Any CPU.ActiveCfg = Debug|Any CPU
		{C70E1FBD-6D46-492F-8141-463EADD77950}.Debug|Any CPU.Build.0 = Debug|Any CPU
		{C70E1FBD-6D46-492F-8141-463EADD77950}.Debug|Any CPU.Deploy.0 = Debug|Any CPU
		{C70E1FBD-6D46-492F-8141-463EADD77950}.Debug|ARM.ActiveCfg = Debug|Any CPU
		{C70E1FBD-6D46-492F-8141-463EADD77950}.Debug|ARM.Build.0 = Debug|Any CPU
		{C70E1FBD-6D46-492F-8141-463EADD77950}.Debug|ARM.Deploy.0 = Debug|Any CPU
		{C70E1FBD-6D46-492F-8141-463EADD77950}.Debug|iPhone.ActiveCfg = Debug|Any CPU
		{C70E1FBD-6D46-492F-8141-463EADD77950}.Debug|iPhone.Build.0 = Debug|Any CPU
		{C70E1FBD-6D46-492F-8141-463EADD77950}.Debug|iPhone.Deploy.0 = Debug|Any CPU
		{C70E1FBD-6D46-492F-8141-463EADD77950}.Debug|iPhoneSimulator.ActiveCfg = Debug|Any CPU
		{C70E1FBD-6D46-492F-8141-463EADD77950}.Debug|iPhoneSimulator.Build.0 = Debug|Any CPU
		{C70E1FBD-6D46-492F-8141-463EADD77950}.Debug|iPhoneSimulator.Deploy.0 = Debug|Any CPU
		{C70E1FBD-6D46-492F-8141-463EADD77950}.Debug|x64.ActiveCfg = Debug|Any CPU
		{C70E1FBD-6D46-492F-8141-463EADD77950}.Debug|x64.Build.0 = Debug|Any CPU
		{C70E1FBD-6D46-492F-8141-463EADD77950}.Debug|x64.Deploy.0 = Debug|Any CPU
		{C70E1FBD-6D46-492F-8141-463EADD77950}.Debug|x86.ActiveCfg = Debug|Any CPU
		{C70E1FBD-6D46-492F-8141-463EADD77950}.Debug|x86.Build.0 = Debug|Any CPU
		{C70E1FBD-6D46-492F-8141-463EADD77950}.Debug|x86.Deploy.0 = Debug|Any CPU
		{C70E1FBD-6D46-492F-8141-463EADD77950}.Release|Any CPU.ActiveCfg = Release|Any CPU
		{C70E1FBD-6D46-492F-8141-463EADD77950}.Release|Any CPU.Build.0 = Release|Any CPU
		{C70E1FBD-6D46-492F-8141-463EADD77950}.Release|Any CPU.Deploy.0 = Release|Any CPU
		{C70E1FBD-6D46-492F-8141-463EADD77950}.Release|ARM.ActiveCfg = Release|Any CPU
		{C70E1FBD-6D46-492F-8141-463EADD77950}.Release|ARM.Build.0 = Release|Any CPU
		{C70E1FBD-6D46-492F-8141-463EADD77950}.Release|ARM.Deploy.0 = Release|Any CPU
		{C70E1FBD-6D46-492F-8141-463EADD77950}.Release|iPhone.ActiveCfg = Release|Any CPU
		{C70E1FBD-6D46-492F-8141-463EADD77950}.Release|iPhone.Build.0 = Release|Any CPU
		{C70E1FBD-6D46-492F-8141-463EADD77950}.Release|iPhone.Deploy.0 = Release|Any CPU
		{C70E1FBD-6D46-492F-8141-463EADD77950}.Release|iPhoneSimulator.ActiveCfg = Release|Any CPU
		{C70E1FBD-6D46-492F-8141-463EADD77950}.Release|iPhoneSimulator.Build.0 = Release|Any CPU
		{C70E1FBD-6D46-492F-8141-463EADD77950}.Release|iPhoneSimulator.Deploy.0 = Release|Any CPU
		{C70E1FBD-6D46-492F-8141-463EADD77950}.Release|x64.ActiveCfg = Release|Any CPU
		{C70E1FBD-6D46-492F-8141-463EADD77950}.Release|x64.Build.0 = Release|Any CPU
		{C70E1FBD-6D46-492F-8141-463EADD77950}.Release|x64.Deploy.0 = Release|Any CPU
		{C70E1FBD-6D46-492F-8141-463EADD77950}.Release|x86.ActiveCfg = Release|Any CPU
		{C70E1FBD-6D46-492F-8141-463EADD77950}.Release|x86.Build.0 = Release|Any CPU
		{C70E1FBD-6D46-492F-8141-463EADD77950}.Release|x86.Deploy.0 = Release|Any CPU
	EndGlobalSection
	GlobalSection(MonoDevelopProperties) = preSolution
		Policies = $0
		$0.VersionControlPolicy = $1
		$1.inheritsSet = Mono
	EndGlobalSection
	GlobalSection(SolutionProperties) = preSolution
		HideSolutionNode = FALSE
	EndGlobalSection
EndGlobal
